
Microsoft Visual Studio Solution File, Format Version 12.00
# Visual Studio Version 17
VisualStudioVersion = 17.9.34714.143
MinimumVisualStudioVersion = 10.0.40219.1
Project("{2150E333-8FDC-42A3-9474-1A3956D46DE8}") = "src", "src", "{9AA994E2-E838-41E0-81A1-FE139C275788}"
EndProject
Project("{2150E333-8FDC-42A3-9474-1A3956D46DE8}") = "tests", "tests", "{FBE6E9CD-323A-4AF0-A0D8-ED26F5BCD449}"
EndProject
Project("{9A19103F-16F7-4668-BE54-9A1E7A4F7556}") = "PixelHotelRooms.Api", "src\PixelHotelRooms.Api\PixelHotelRooms.Api.csproj", "{9F8E50CD-A1E8-4760-84D2-80EAFCEBFF6D}"
EndProject
Project("{9A19103F-16F7-4668-BE54-9A1E7A4F7556}") = "PixelHotelRooms.Application", "src\PixelHotelRooms.Application\PixelHotelRooms.Application.csproj", "{45A0F6FD-E51A-4765-80B5-2F82EFA1800E}"
EndProject
Project("{9A19103F-16F7-4668-BE54-9A1E7A4F7556}") = "PixelHotelRooms.Domain", "src\PixelHotelRooms.Domain\PixelHotelRooms.Domain.csproj", "{8D1C28AF-D528-49F9-BF52-839961C29C80}"
EndProject
Project("{9A19103F-16F7-4668-BE54-9A1E7A4F7556}") = "PixelHotelRooms.Infra", "src\PixelHotelRooms.Infra\PixelHotelRooms.Infra.csproj", "{D83B5465-5D95-409F-802E-E710CD772271}"
EndProject
Project("{2150E333-8FDC-42A3-9474-1A3956D46DE8}") = "01 - Presentation", "01 - Presentation", "{938E046D-15D6-466D-A4EA-ECEFB6965D65}"
EndProject
Project("{2150E333-8FDC-42A3-9474-1A3956D46DE8}") = "02 - Application", "02 - Application", "{CCA2223E-1633-4A4D-A17F-369A98850118}"
EndProject
Project("{2150E333-8FDC-42A3-9474-1A3956D46DE8}") = "03 - Domain", "03 - Domain", "{97596459-FADA-45FB-839C-7FEBF5F19E03}"
EndProject
Project("{2150E333-8FDC-42A3-9474-1A3956D46DE8}") = "04 - Infra", "04 - Infra", "{27F4B4EC-3E12-4253-BC4F-7F8E7EBF16E9}"
EndProject
Project("{2150E333-8FDC-42A3-9474-1A3956D46DE8}") = "core", "core", "{3C7C9F4A-57AF-4BB6-8D19-690A2B73265D}"
EndProject
Project("{9A19103F-16F7-4668-BE54-9A1E7A4F7556}") = "PixelHotel.Api", "..\pixel-hotel-core\src\PixelHotel.Api\PixelHotel.Api.csproj", "{723AB84F-37D3-407D-B93E-0F19225984BE}"
EndProject
Project("{9A19103F-16F7-4668-BE54-9A1E7A4F7556}") = "PixelHotel.Core", "..\pixel-hotel-core\src\PixelHotel.Core\PixelHotel.Core.csproj", "{62EAE973-8DEF-498A-ACC9-F50025134259}"
EndProject
Project("{9A19103F-16F7-4668-BE54-9A1E7A4F7556}") = "PixelHotel.Events", "..\pixel-hotel-core\src\PixelHotel.Events\PixelHotel.Events.csproj", "{49A8C3B5-1B7D-4D32-8AC3-013BFE9274CA}"
EndProject
Project("{9A19103F-16F7-4668-BE54-9A1E7A4F7556}") = "PixelHotel.Infra", "..\pixel-hotel-core\src\PixelHotel.Infra\PixelHotel.Infra.csproj", "{707E174D-AF56-4F2A-AAF9-F3DFEB8E6C52}"
EndProject
Global
	GlobalSection(SolutionConfigurationPlatforms) = preSolution
		Debug|Any CPU = Debug|Any CPU
		Release|Any CPU = Release|Any CPU
	EndGlobalSection
	GlobalSection(ProjectConfigurationPlatforms) = postSolution
		{9F8E50CD-A1E8-4760-84D2-80EAFCEBFF6D}.Debug|Any CPU.ActiveCfg = Debug|Any CPU
		{9F8E50CD-A1E8-4760-84D2-80EAFCEBFF6D}.Debug|Any CPU.Build.0 = Debug|Any CPU
		{9F8E50CD-A1E8-4760-84D2-80EAFCEBFF6D}.Release|Any CPU.ActiveCfg = Release|Any CPU
		{9F8E50CD-A1E8-4760-84D2-80EAFCEBFF6D}.Release|Any CPU.Build.0 = Release|Any CPU
		{45A0F6FD-E51A-4765-80B5-2F82EFA1800E}.Debug|Any CPU.ActiveCfg = Debug|Any CPU
		{45A0F6FD-E51A-4765-80B5-2F82EFA1800E}.Debug|Any CPU.Build.0 = Debug|Any CPU
		{45A0F6FD-E51A-4765-80B5-2F82EFA1800E}.Release|Any CPU.ActiveCfg = Release|Any CPU
		{45A0F6FD-E51A-4765-80B5-2F82EFA1800E}.Release|Any CPU.Build.0 = Release|Any CPU
		{8D1C28AF-D528-49F9-BF52-839961C29C80}.Debug|Any CPU.ActiveCfg = Debug|Any CPU
		{8D1C28AF-D528-49F9-BF52-839961C29C80}.Debug|Any CPU.Build.0 = Debug|Any CPU
		{8D1C28AF-D528-49F9-BF52-839961C29C80}.Release|Any CPU.ActiveCfg = Release|Any CPU
		{8D1C28AF-D528-49F9-BF52-839961C29C80}.Release|Any CPU.Build.0 = Release|Any CPU
		{D83B5465-5D95-409F-802E-E710CD772271}.Debug|Any CPU.ActiveCfg = Debug|Any CPU
		{D83B5465-5D95-409F-802E-E710CD772271}.Debug|Any CPU.Build.0 = Debug|Any CPU
		{D83B5465-5D95-409F-802E-E710CD772271}.Release|Any CPU.ActiveCfg = Release|Any CPU
		{D83B5465-5D95-409F-802E-E710CD772271}.Release|Any CPU.Build.0 = Release|Any CPU
		{723AB84F-37D3-407D-B93E-0F19225984BE}.Debug|Any CPU.ActiveCfg = Debug|Any CPU
		{723AB84F-37D3-407D-B93E-0F19225984BE}.Debug|Any CPU.Build.0 = Debug|Any CPU
		{723AB84F-37D3-407D-B93E-0F19225984BE}.Release|Any CPU.ActiveCfg = Release|Any CPU
		{723AB84F-37D3-407D-B93E-0F19225984BE}.Release|Any CPU.Build.0 = Release|Any CPU
		{62EAE973-8DEF-498A-ACC9-F50025134259}.Debug|Any CPU.ActiveCfg = Debug|Any CPU
		{62EAE973-8DEF-498A-ACC9-F50025134259}.Debug|Any CPU.Build.0 = Debug|Any CPU
		{62EAE973-8DEF-498A-ACC9-F50025134259}.Release|Any CPU.ActiveCfg = Release|Any CPU
		{62EAE973-8DEF-498A-ACC9-F50025134259}.Release|Any CPU.Build.0 = Release|Any CPU
		{49A8C3B5-1B7D-4D32-8AC3-013BFE9274CA}.Debug|Any CPU.ActiveCfg = Debug|Any CPU
		{49A8C3B5-1B7D-4D32-8AC3-013BFE9274CA}.Debug|Any CPU.Build.0 = Debug|Any CPU
		{49A8C3B5-1B7D-4D32-8AC3-013BFE9274CA}.Release|Any CPU.ActiveCfg = Release|Any CPU
		{49A8C3B5-1B7D-4D32-8AC3-013BFE9274CA}.Release|Any CPU.Build.0 = Release|Any CPU
		{707E174D-AF56-4F2A-AAF9-F3DFEB8E6C52}.Debug|Any CPU.ActiveCfg = Debug|Any CPU
		{707E174D-AF56-4F2A-AAF9-F3DFEB8E6C52}.Debug|Any CPU.Build.0 = Debug|Any CPU
		{707E174D-AF56-4F2A-AAF9-F3DFEB8E6C52}.Release|Any CPU.ActiveCfg = Release|Any CPU
		{707E174D-AF56-4F2A-AAF9-F3DFEB8E6C52}.Release|Any CPU.Build.0 = Release|Any CPU
	EndGlobalSection
	GlobalSection(SolutionProperties) = preSolution
		HideSolutionNode = FALSE
	EndGlobalSection
	GlobalSection(NestedProjects) = preSolution
		{9F8E50CD-A1E8-4760-84D2-80EAFCEBFF6D} = {938E046D-15D6-466D-A4EA-ECEFB6965D65}
		{45A0F6FD-E51A-4765-80B5-2F82EFA1800E} = {CCA2223E-1633-4A4D-A17F-369A98850118}
		{8D1C28AF-D528-49F9-BF52-839961C29C80} = {97596459-FADA-45FB-839C-7FEBF5F19E03}
		{D83B5465-5D95-409F-802E-E710CD772271} = {27F4B4EC-3E12-4253-BC4F-7F8E7EBF16E9}
		{938E046D-15D6-466D-A4EA-ECEFB6965D65} = {9AA994E2-E838-41E0-81A1-FE139C275788}
		{CCA2223E-1633-4A4D-A17F-369A98850118} = {9AA994E2-E838-41E0-81A1-FE139C275788}
		{97596459-FADA-45FB-839C-7FEBF5F19E03} = {9AA994E2-E838-41E0-81A1-FE139C275788}
		{27F4B4EC-3E12-4253-BC4F-7F8E7EBF16E9} = {9AA994E2-E838-41E0-81A1-FE139C275788}
		{723AB84F-37D3-407D-B93E-0F19225984BE} = {3C7C9F4A-57AF-4BB6-8D19-690A2B73265D}
		{62EAE973-8DEF-498A-ACC9-F50025134259} = {3C7C9F4A-57AF-4BB6-8D19-690A2B73265D}
		{49A8C3B5-1B7D-4D32-8AC3-013BFE9274CA} = {3C7C9F4A-57AF-4BB6-8D19-690A2B73265D}
		{707E174D-AF56-4F2A-AAF9-F3DFEB8E6C52} = {3C7C9F4A-57AF-4BB6-8D19-690A2B73265D}
	EndGlobalSection
	GlobalSection(ExtensibilityGlobals) = postSolution
		SolutionGuid = {52D7C380-9E1B-4528-AB58-57E0F041873F}
	EndGlobalSection
EndGlobal
